
Microsoft Visual Studio Solution File, Format Version 12.00
Project("{FAE04EC0-301F-11D3-BF4B-00C04F79EFBC}") = "API", "API\API.csproj", "{67CBAC7B-5E98-41F3-871E-B0A5F087850F}"
EndProject
Global
	GlobalSection(SolutionConfigurationPlatforms) = preSolution
		Debug|Any CPU = Debug|Any CPU
		Release|Any CPU = Release|Any CPU
	EndGlobalSection
	GlobalSection(ProjectConfigurationPlatforms) = postSolution
		{67CBAC7B-5E98-41F3-871E-B0A5F087850F}.Debug|Any CPU.ActiveCfg = Debug|Any CPU
		{67CBAC7B-5E98-41F3-871E-B0A5F087850F}.Debug|Any CPU.Build.0 = Debug|Any CPU
		{67CBAC7B-5E98-41F3-871E-B0A5F087850F}.Release|Any CPU.ActiveCfg = Release|Any CPU
		{67CBAC7B-5E98-41F3-871E-B0A5F087850F}.Release|Any CPU.Build.0 = Release|Any CPU
	EndGlobalSection
EndGlobal
